// !$*UTF8*$!
{
	archiveVersion = 1;
	classes = {
	};
	objectVersion = 55;
	objects = {

/* Begin PBXBuildFile section */
		506A95EB27DA3ADB000A073C /* TwitterSwiftUiApp.swift in Sources */ = {isa = PBXBuildFile; fileRef = 506A95EA27DA3ADB000A073C /* TwitterSwiftUiApp.swift */; };
		506A95ED27DA3ADB000A073C /* ContentView.swift in Sources */ = {isa = PBXBuildFile; fileRef = 506A95EC27DA3ADB000A073C /* ContentView.swift */; };
		506A95EF27DA3ADD000A073C /* Assets.xcassets in Resources */ = {isa = PBXBuildFile; fileRef = 506A95EE27DA3ADD000A073C /* Assets.xcassets */; };
		506A95F227DA3ADD000A073C /* Preview Assets.xcassets in Resources */ = {isa = PBXBuildFile; fileRef = 506A95F127DA3ADD000A073C /* Preview Assets.xcassets */; };
		506A960127DA3C3F000A073C /* FeedView.swift in Sources */ = {isa = PBXBuildFile; fileRef = 506A960027DA3C3F000A073C /* FeedView.swift */; };
		506A960427DA3CEC000A073C /* TweetRowView.swift in Sources */ = {isa = PBXBuildFile; fileRef = 506A960327DA3CEC000A073C /* TweetRowView.swift */; };
		506A960727DA44B8000A073C /* MainTabView.swift in Sources */ = {isa = PBXBuildFile; fileRef = 506A960627DA44B8000A073C /* MainTabView.swift */; };
		506A960D27DA45B9000A073C /* ExploreView.swift in Sources */ = {isa = PBXBuildFile; fileRef = 506A960C27DA45B9000A073C /* ExploreView.swift */; };
		506A961027DA45D8000A073C /* NotificationsView.swift in Sources */ = {isa = PBXBuildFile; fileRef = 506A960F27DA45D8000A073C /* NotificationsView.swift */; };
		506A961227DA45EB000A073C /* MessagesView.swift in Sources */ = {isa = PBXBuildFile; fileRef = 506A961127DA45EB000A073C /* MessagesView.swift */; };
		506A961627DA47B0000A073C /* ProfileView.swift in Sources */ = {isa = PBXBuildFile; fileRef = 506A961527DA47B0000A073C /* ProfileView.swift */; };
/* End PBXBuildFile section */

/* Begin PBXFileReference section */
		506A95E727DA3ADB000A073C /* TwitterSwiftUi.app */ = {isa = PBXFileReference; explicitFileType = wrapper.application; includeInIndex = 0; path = TwitterSwiftUi.app; sourceTree = BUILT_PRODUCTS_DIR; };
		506A95EA27DA3ADB000A073C /* TwitterSwiftUiApp.swift */ = {isa = PBXFileReference; lastKnownFileType = sourcecode.swift; path = TwitterSwiftUiApp.swift; sourceTree = "<group>"; };
		506A95EC27DA3ADB000A073C /* ContentView.swift */ = {isa = PBXFileReference; lastKnownFileType = sourcecode.swift; path = ContentView.swift; sourceTree = "<group>"; };
		506A95EE27DA3ADD000A073C /* Assets.xcassets */ = {isa = PBXFileReference; lastKnownFileType = folder.assetcatalog; path = Assets.xcassets; sourceTree = "<group>"; };
		506A95F127DA3ADD000A073C /* Preview Assets.xcassets */ = {isa = PBXFileReference; lastKnownFileType = folder.assetcatalog; path = "Preview Assets.xcassets"; sourceTree = "<group>"; };
		506A960027DA3C3F000A073C /* FeedView.swift */ = {isa = PBXFileReference; lastKnownFileType = sourcecode.swift; path = FeedView.swift; sourceTree = "<group>"; };
		506A960327DA3CEC000A073C /* TweetRowView.swift */ = {isa = PBXFileReference; lastKnownFileType = sourcecode.swift; path = TweetRowView.swift; sourceTree = "<group>"; };
		506A960627DA44B8000A073C /* MainTabView.swift */ = {isa = PBXFileReference; lastKnownFileType = sourcecode.swift; path = MainTabView.swift; sourceTree = "<group>"; };
		506A960C27DA45B9000A073C /* ExploreView.swift */ = {isa = PBXFileReference; lastKnownFileType = sourcecode.swift; path = ExploreView.swift; sourceTree = "<group>"; };
		506A960F27DA45D8000A073C /* NotificationsView.swift */ = {isa = PBXFileReference; lastKnownFileType = sourcecode.swift; path = NotificationsView.swift; sourceTree = "<group>"; };
		506A961127DA45EB000A073C /* MessagesView.swift */ = {isa = PBXFileReference; lastKnownFileType = sourcecode.swift; path = MessagesView.swift; sourceTree = "<group>"; };
		506A961527DA47B0000A073C /* ProfileView.swift */ = {isa = PBXFileReference; lastKnownFileType = sourcecode.swift; path = ProfileView.swift; sourceTree = "<group>"; };
/* End PBXFileReference section */

/* Begin PBXFrameworksBuildPhase section */
		506A95E427DA3ADB000A073C /* Frameworks */ = {
			isa = PBXFrameworksBuildPhase;
			buildActionMask = 2147483647;
			files = (
			);
			runOnlyForDeploymentPostprocessing = 0;
		};
/* End PBXFrameworksBuildPhase section */

/* Begin PBXGroup section */
		506A95DE27DA3ADB000A073C = {
			isa = PBXGroup;
			children = (
				506A95E927DA3ADB000A073C /* TwitterSwiftUi */,
				506A95E827DA3ADB000A073C /* Products */,
			);
			sourceTree = "<group>";
		};
		506A95E827DA3ADB000A073C /* Products */ = {
			isa = PBXGroup;
			children = (
				506A95E727DA3ADB000A073C /* TwitterSwiftUi.app */,
			);
			name = Products;
			sourceTree = "<group>";
		};
		506A95E927DA3ADB000A073C /* TwitterSwiftUi */ = {
			isa = PBXGroup;
			children = (
				506A95FB27DA3BB8000A073C /* Extensions */,
				506A95FA27DA3BB5000A073C /* Model */,
				506A95F927DA3BB3000A073C /* Service */,
				506A95F827DA3BA0000A073C /* Core */,
				506A95EA27DA3ADB000A073C /* TwitterSwiftUiApp.swift */,
				506A95EC27DA3ADB000A073C /* ContentView.swift */,
				506A95EE27DA3ADD000A073C /* Assets.xcassets */,
				506A95F027DA3ADD000A073C /* Preview Content */,
			);
			path = TwitterSwiftUi;
			sourceTree = "<group>";
		};
		506A95F027DA3ADD000A073C /* Preview Content */ = {
			isa = PBXGroup;
			children = (
				506A95F127DA3ADD000A073C /* Preview Assets.xcassets */,
			);
			path = "Preview Content";
			sourceTree = "<group>";
		};
		506A95F827DA3BA0000A073C /* Core */ = {
			isa = PBXGroup;
			children = (
				506A960B27DA459B000A073C /* Profile */,
				506A960A27DA4584000A073C /* Explore */,
				506A960927DA4582000A073C /* Notifications */,
				506A960827DA4572000A073C /* Messages */,
				506A95FC27DA3BD8000A073C /* Components */,
				506A960527DA44A6000A073C /* MainTab */,
				506A95FD27DA3BE7000A073C /* Feed */,
			);
			path = Core;
			sourceTree = "<group>";
		};
		506A95F927DA3BB3000A073C /* Service */ = {
			isa = PBXGroup;
			children = (
			);
			path = Service;
			sourceTree = "<group>";
		};
		506A95FA27DA3BB5000A073C /* Model */ = {
			isa = PBXGroup;
			children = (
			);
			path = Model;
			sourceTree = "<group>";
		};
		506A95FB27DA3BB8000A073C /* Extensions */ = {
			isa = PBXGroup;
			children = (
			);
			path = Extensions;
			sourceTree = "<group>";
		};
		506A95FC27DA3BD8000A073C /* Components */ = {
			isa = PBXGroup;
			children = (
				506A960227DA3CBF000A073C /* Tweets */,
			);
			path = Components;
			sourceTree = "<group>";
		};
		506A95FD27DA3BE7000A073C /* Feed */ = {
			isa = PBXGroup;
			children = (
				506A95FE27DA3C1F000A073C /* ViewModels */,
				506A95FF27DA3C29000A073C /* View */,
			);
			path = Feed;
			sourceTree = "<group>";
		};
		506A95FE27DA3C1F000A073C /* ViewModels */ = {
			isa = PBXGroup;
			children = (
			);
			path = ViewModels;
			sourceTree = "<group>";
		};
		506A95FF27DA3C29000A073C /* View */ = {
			isa = PBXGroup;
			children = (
				506A960027DA3C3F000A073C /* FeedView.swift */,
			);
			path = View;
			sourceTree = "<group>";
		};
		506A960227DA3CBF000A073C /* Tweets */ = {
			isa = PBXGroup;
			children = (
				506A960327DA3CEC000A073C /* TweetRowView.swift */,
			);
			path = Tweets;
			sourceTree = "<group>";
		};
		506A960527DA44A6000A073C /* MainTab */ = {
			isa = PBXGroup;
			children = (
				506A960627DA44B8000A073C /* MainTabView.swift */,
			);
			path = MainTab;
			sourceTree = "<group>";
		};
		506A960827DA4572000A073C /* Messages */ = {
			isa = PBXGroup;
			children = (
				506A961127DA45EB000A073C /* MessagesView.swift */,
			);
			path = Messages;
			sourceTree = "<group>";
		};
		506A960927DA4582000A073C /* Notifications */ = {
			isa = PBXGroup;
			children = (
				506A960F27DA45D8000A073C /* NotificationsView.swift */,
			);
			path = Notifications;
			sourceTree = "<group>";
		};
		506A960A27DA4584000A073C /* Explore */ = {
			isa = PBXGroup;
			children = (
				506A960C27DA45B9000A073C /* ExploreView.swift */,
			);
			path = Explore;
			sourceTree = "<group>";
		};
		506A960B27DA459B000A073C /* Profile */ = {
			isa = PBXGroup;
			children = (
				506A961327DA479C000A073C /* ViewModels */,
				506A961427DA47A4000A073C /* Views */,
			);
			path = Profile;
			sourceTree = "<group>";
		};
		506A961327DA479C000A073C /* ViewModels */ = {
			isa = PBXGroup;
			children = (
			);
			path = ViewModels;
			sourceTree = "<group>";
		};
		506A961427DA47A4000A073C /* Views */ = {
			isa = PBXGroup;
			children = (
				506A961527DA47B0000A073C /* ProfileView.swift */,
			);
			path = Views;
			sourceTree = "<group>";
		};
/* End PBXGroup section */

/* Begin PBXNativeTarget section */
		506A95E627DA3ADB000A073C /* TwitterSwiftUi */ = {
			isa = PBXNativeTarget;
			buildConfigurationList = 506A95F527DA3ADD000A073C /* Build configuration list for PBXNativeTarget "TwitterSwiftUi" */;
			buildPhases = (
				506A95E327DA3ADB000A073C /* Sources */,
				506A95E427DA3ADB000A073C /* Frameworks */,
				506A95E527DA3ADB000A073C /* Resources */,
			);
			buildRules = (
			);
			dependencies = (
			);
			name = TwitterSwiftUi;
			productName = TwitterSwiftUi;
			productReference = 506A95E727DA3ADB000A073C /* TwitterSwiftUi.app */;
			productType = "com.apple.product-type.application";
		};
/* End PBXNativeTarget section */

/* Begin PBXProject section */
		506A95DF27DA3ADB000A073C /* Project object */ = {
			isa = PBXProject;
			attributes = {
				BuildIndependentTargetsInParallel = 1;
				LastSwiftUpdateCheck = 1320;
				LastUpgradeCheck = 1320;
				TargetAttributes = {
					506A95E627DA3ADB000A073C = {
						CreatedOnToolsVersion = 13.2.1;
					};
				};
			};
			buildConfigurationList = 506A95E227DA3ADB000A073C /* Build configuration list for PBXProject "TwitterSwiftUi" */;
			compatibilityVersion = "Xcode 13.0";
			developmentRegion = en;
			hasScannedForEncodings = 0;
			knownRegions = (
				en,
				Base,
			);
			mainGroup = 506A95DE27DA3ADB000A073C;
			productRefGroup = 506A95E827DA3ADB000A073C /* Products */;
			projectDirPath = "";
			projectRoot = "";
			targets = (
				506A95E627DA3ADB000A073C /* TwitterSwiftUi */,
			);
		};
/* End PBXProject section */

/* Begin PBXResourcesBuildPhase section */
		506A95E527DA3ADB000A073C /* Resources */ = {
			isa = PBXResourcesBuildPhase;
			buildActionMask = 2147483647;
			files = (
				506A95F227DA3ADD000A073C /* Preview Assets.xcassets in Resources */,
				506A95EF27DA3ADD000A073C /* Assets.xcassets in Resources */,
			);
			runOnlyForDeploymentPostprocessing = 0;
		};
/* End PBXResourcesBuildPhase section */

/* Begin PBXSourcesBuildPhase section */
		506A95E327DA3ADB000A073C /* Sources */ = {
			isa = PBXSourcesBuildPhase;
			buildActionMask = 2147483647;
			files = (
				506A961227DA45EB000A073C /* MessagesView.swift in Sources */,
				506A961627DA47B0000A073C /* ProfileView.swift in Sources */,
				506A95ED27DA3ADB000A073C /* ContentView.swift in Sources */,
				506A960427DA3CEC000A073C /* TweetRowView.swift in Sources */,
				506A960127DA3C3F000A073C /* FeedView.swift in Sources */,
				506A95EB27DA3ADB000A073C /* TwitterSwiftUiApp.swift in Sources */,
				506A960D27DA45B9000A073C /* ExploreView.swift in Sources */,
				506A960727DA44B8000A073C /* MainTabView.swift in Sources */,
				506A961027DA45D8000A073C /* NotificationsView.swift in Sources */,
			);
			runOnlyForDeploymentPostprocessing = 0;
		};
/* End PBXSourcesBuildPhase section */

/* Begin XCBuildConfiguration section */
		506A95F327DA3ADD000A073C /* Debug */ = {
			isa = XCBuildConfiguration;
			buildSettings = {
				ALWAYS_SEARCH_USER_PATHS = NO;
				CLANG_ANALYZER_NONNULL = YES;
				CLANG_ANALYZER_NUMBER_OBJECT_CONVERSION = YES_AGGRESSIVE;
				CLANG_CXX_LANGUAGE_STANDARD = "gnu++17";
				CLANG_CXX_LIBRARY = "libc++";
				CLANG_ENABLE_MODULES = YES;
				CLANG_ENABLE_OBJC_ARC = YES;
				CLANG_ENABLE_OBJC_WEAK = YES;
				CLANG_WARN_BLOCK_CAPTURE_AUTORELEASING = YES;
				CLANG_WARN_BOOL_CONVERSION = YES;
				CLANG_WARN_COMMA = YES;
				CLANG_WARN_CONSTANT_CONVERSION = YES;
				CLANG_WARN_DEPRECATED_OBJC_IMPLEMENTATIONS = YES;
				CLANG_WARN_DIRECT_OBJC_ISA_USAGE = YES_ERROR;
				CLANG_WARN_DOCUMENTATION_COMMENTS = YES;
				CLANG_WARN_EMPTY_BODY = YES;
				CLANG_WARN_ENUM_CONVERSION = YES;
				CLANG_WARN_INFINITE_RECURSION = YES;
				CLANG_WARN_INT_CONVERSION = YES;
				CLANG_WARN_NON_LITERAL_NULL_CONVERSION = YES;
				CLANG_WARN_OBJC_IMPLICIT_RETAIN_SELF = YES;
				CLANG_WARN_OBJC_LITERAL_CONVERSION = YES;
				CLANG_WARN_OBJC_ROOT_CLASS = YES_ERROR;
				CLANG_WARN_QUOTED_INCLUDE_IN_FRAMEWORK_HEADER = YES;
				CLANG_WARN_RANGE_LOOP_ANALYSIS = YES;
				CLANG_WARN_STRICT_PROTOTYPES = YES;
				CLANG_WARN_SUSPICIOUS_MOVE = YES;
				CLANG_WARN_UNGUARDED_AVAILABILITY = YES_AGGRESSIVE;
				CLANG_WARN_UNREACHABLE_CODE = YES;
				CLANG_WARN__DUPLICATE_METHOD_MATCH = YES;
				COPY_PHASE_STRIP = NO;
				DEBUG_INFORMATION_FORMAT = dwarf;
				ENABLE_STRICT_OBJC_MSGSEND = YES;
				ENABLE_TESTABILITY = YES;
				GCC_C_LANGUAGE_STANDARD = gnu11;
				GCC_DYNAMIC_NO_PIC = NO;
				GCC_NO_COMMON_BLOCKS = YES;
				GCC_OPTIMIZATION_LEVEL = 0;
				GCC_PREPROCESSOR_DEFINITIONS = (
					"DEBUG=1",
					"$(inherited)",
				);
				GCC_WARN_64_TO_32_BIT_CONVERSION = YES;
				GCC_WARN_ABOUT_RETURN_TYPE = YES_ERROR;
				GCC_WARN_UNDECLARED_SELECTOR = YES;
				GCC_WARN_UNINITIALIZED_AUTOS = YES_AGGRESSIVE;
				GCC_WARN_UNUSED_FUNCTION = YES;
				GCC_WARN_UNUSED_VARIABLE = YES;
				IPHONEOS_DEPLOYMENT_TARGET = 15.2;
				MTL_ENABLE_DEBUG_INFO = INCLUDE_SOURCE;
				MTL_FAST_MATH = YES;
				ONLY_ACTIVE_ARCH = YES;
				SDKROOT = iphoneos;
				SWIFT_ACTIVE_COMPILATION_CONDITIONS = DEBUG;
				SWIFT_OPTIMIZATION_LEVEL = "-Onone";
			};
			name = Debug;
		};
		506A95F427DA3ADD000A073C /* Release */ = {
			isa = XCBuildConfiguration;
			buildSettings = {
				ALWAYS_SEARCH_USER_PATHS = NO;
				CLANG_ANALYZER_NONNULL = YES;
				CLANG_ANALYZER_NUMBER_OBJECT_CONVERSION = YES_AGGRESSIVE;
				CLANG_CXX_LANGUAGE_STANDARD = "gnu++17";
				CLANG_CXX_LIBRARY = "libc++";
				CLANG_ENABLE_MODULES = YES;
				CLANG_ENABLE_OBJC_ARC = YES;
				CLANG_ENABLE_OBJC_WEAK = YES;
				CLANG_WARN_BLOCK_CAPTURE_AUTORELEASING = YES;
				CLANG_WARN_BOOL_CONVERSION = YES;
				CLANG_WARN_COMMA = YES;
				CLANG_WARN_CONSTANT_CONVERSION = YES;
				CLANG_WARN_DEPRECATED_OBJC_IMPLEMENTATIONS = YES;
				CLANG_WARN_DIRECT_OBJC_ISA_USAGE = YES_ERROR;
				CLANG_WARN_DOCUMENTATION_COMMENTS = YES;
				CLANG_WARN_EMPTY_BODY = YES;
				CLANG_WARN_ENUM_CONVERSION = YES;
				CLANG_WARN_INFINITE_RECURSION = YES;
				CLANG_WARN_INT_CONVERSION = YES;
				CLANG_WARN_NON_LITERAL_NULL_CONVERSION = YES;
				CLANG_WARN_OBJC_IMPLICIT_RETAIN_SELF = YES;
				CLANG_WARN_OBJC_LITERAL_CONVERSION = YES;
				CLANG_WARN_OBJC_ROOT_CLASS = YES_ERROR;
				CLANG_WARN_QUOTED_INCLUDE_IN_FRAMEWORK_HEADER = YES;
				CLANG_WARN_RANGE_LOOP_ANALYSIS = YES;
				CLANG_WARN_STRICT_PROTOTYPES = YES;
				CLANG_WARN_SUSPICIOUS_MOVE = YES;
				CLANG_WARN_UNGUARDED_AVAILABILITY = YES_AGGRESSIVE;
				CLANG_WARN_UNREACHABLE_CODE = YES;
				CLANG_WARN__DUPLICATE_METHOD_MATCH = YES;
				COPY_PHASE_STRIP = NO;
				DEBUG_INFORMATION_FORMAT = "dwarf-with-dsym";
				ENABLE_NS_ASSERTIONS = NO;
				ENABLE_STRICT_OBJC_MSGSEND = YES;
				GCC_C_LANGUAGE_STANDARD = gnu11;
				GCC_NO_COMMON_BLOCKS = YES;
				GCC_WARN_64_TO_32_BIT_CONVERSION = YES;
				GCC_WARN_ABOUT_RETURN_TYPE = YES_ERROR;
				GCC_WARN_UNDECLARED_SELECTOR = YES;
				GCC_WARN_UNINITIALIZED_AUTOS = YES_AGGRESSIVE;
				GCC_WARN_UNUSED_FUNCTION = YES;
				GCC_WARN_UNUSED_VARIABLE = YES;
				IPHONEOS_DEPLOYMENT_TARGET = 15.2;
				MTL_ENABLE_DEBUG_INFO = NO;
				MTL_FAST_MATH = YES;
				SDKROOT = iphoneos;
				SWIFT_COMPILATION_MODE = wholemodule;
				SWIFT_OPTIMIZATION_LEVEL = "-O";
				VALIDATE_PRODUCT = YES;
			};
			name = Release;
		};
		506A95F627DA3ADD000A073C /* Debug */ = {
			isa = XCBuildConfiguration;
			buildSettings = {
				ASSETCATALOG_COMPILER_APPICON_NAME = AppIcon;
				ASSETCATALOG_COMPILER_GLOBAL_ACCENT_COLOR_NAME = AccentColor;
				CODE_SIGN_STYLE = Automatic;
				CURRENT_PROJECT_VERSION = 1;
				DEVELOPMENT_ASSET_PATHS = "\"TwitterSwiftUi/Preview Content\"";
				DEVELOPMENT_TEAM = E7S55D75ZR;
				ENABLE_PREVIEWS = YES;
				GENERATE_INFOPLIST_FILE = YES;
				INFOPLIST_KEY_UIApplicationSceneManifest_Generation = YES;
				INFOPLIST_KEY_UIApplicationSupportsIndirectInputEvents = YES;
				INFOPLIST_KEY_UILaunchScreen_Generation = YES;
				INFOPLIST_KEY_UISupportedInterfaceOrientations_iPad = "UIInterfaceOrientationPortrait UIInterfaceOrientationPortraitUpsideDown UIInterfaceOrientationLandscapeLeft UIInterfaceOrientationLandscapeRight";
				INFOPLIST_KEY_UISupportedInterfaceOrientations_iPhone = "UIInterfaceOrientationPortrait UIInterfaceOrientationLandscapeLeft UIInterfaceOrientationLandscapeRight";
				LD_RUNPATH_SEARCH_PATHS = (
					"$(inherited)",
					"@executable_path/Frameworks",
				);
				MARKETING_VERSION = 1.0;
				PRODUCT_BUNDLE_IDENTIFIER = com.raphaelfreitas.TwitterSwiftUi;
				PRODUCT_NAME = "$(TARGET_NAME)";
				SWIFT_EMIT_LOC_STRINGS = YES;
				SWIFT_VERSION = 5.0;
				TARGETED_DEVICE_FAMILY = "1,2";
			};
			name = Debug;
		};
		506A95F727DA3ADD000A073C /* Release */ = {
			isa = XCBuildConfiguration;
			buildSettings = {
				ASSETCATALOG_COMPILER_APPICON_NAME = AppIcon;
				ASSETCATALOG_COMPILER_GLOBAL_ACCENT_COLOR_NAME = AccentColor;
				CODE_SIGN_STYLE = Automatic;
				CURRENT_PROJECT_VERSION = 1;
				DEVELOPMENT_ASSET_PATHS = "\"TwitterSwiftUi/Preview Content\"";
				DEVELOPMENT_TEAM = E7S55D75ZR;
				ENABLE_PREVIEWS = YES;
				GENERATE_INFOPLIST_FILE = YES;
				INFOPLIST_KEY_UIApplicationSceneManifest_Generation = YES;
				INFOPLIST_KEY_UIApplicationSupportsIndirectInputEvents = YES;
				INFOPLIST_KEY_UILaunchScreen_Generation = YES;
				INFOPLIST_KEY_UISupportedInterfaceOrientations_iPad = "UIInterfaceOrientationPortrait UIInterfaceOrientationPortraitUpsideDown UIInterfaceOrientationLandscapeLeft UIInterfaceOrientationLandscapeRight";
				INFOPLIST_KEY_UISupportedInterfaceOrientations_iPhone = "UIInterfaceOrientationPortrait UIInterfaceOrientationLandscapeLeft UIInterfaceOrientationLandscapeRight";
				LD_RUNPATH_SEARCH_PATHS = (
					"$(inherited)",
					"@executable_path/Frameworks",
				);
				MARKETING_VERSION = 1.0;
				PRODUCT_BUNDLE_IDENTIFIER = com.raphaelfreitas.TwitterSwiftUi;
				PRODUCT_NAME = "$(TARGET_NAME)";
				SWIFT_EMIT_LOC_STRINGS = YES;
				SWIFT_VERSION = 5.0;
				TARGETED_DEVICE_FAMILY = "1,2";
			};
			name = Release;
		};
/* End XCBuildConfiguration section */

/* Begin XCConfigurationList section */
		506A95E227DA3ADB000A073C /* Build configuration list for PBXProject "TwitterSwiftUi" */ = {
			isa = XCConfigurationList;
			buildConfigurations = (
				506A95F327DA3ADD000A073C /* Debug */,
				506A95F427DA3ADD000A073C /* Release */,
			);
			defaultConfigurationIsVisible = 0;
			defaultConfigurationName = Release;
		};
		506A95F527DA3ADD000A073C /* Build configuration list for PBXNativeTarget "TwitterSwiftUi" */ = {
			isa = XCConfigurationList;
			buildConfigurations = (
				506A95F627DA3ADD000A073C /* Debug */,
				506A95F727DA3ADD000A073C /* Release */,
			);
			defaultConfigurationIsVisible = 0;
			defaultConfigurationName = Release;
		};
/* End XCConfigurationList section */
	};
	rootObject = 506A95DF27DA3ADB000A073C /* Project object */;
}
